
Microsoft Visual Studio Solution File, Format Version 12.00
# Visual Studio 14
VisualStudioVersion = 14.0.25123.0
MinimumVisualStudioVersion = 10.0.40219.1
Project("{151D2E53-A2C4-4D7D-83FE-D05416EBD58E}") = "Infrastructure", "Infrastructure\Infrastructure.deployproj", "{A8E58B15-253F-4931-A468-A41EC52E0493}"
EndProject
Project("{2150E333-8FDC-42A3-9474-1A3956D46DE8}") = "Build", "Build", "{A167DB9A-E369-465F-8A2F-AD52368D877A}"
	ProjectSection(SolutionItems) = preProject
		Build\worker-systemhealthchecks2--b-d--worker-systemhealthchecks2-prod.xml = Build\worker-systemhealthchecks2--b-d--worker-systemhealthchecks2-prod.xml
	EndProjectSection
EndProject
Project("{CC5FD16D-436D-48AD-A40C-5A424C6E3E79}") = "AnalyzerWorkerRole", "AnalyzerWorkerRole\AnalyzerWorkerRole.ccproj", "{251846AF-EDC2-422E-B3F8-1188772B1D5A}"
EndProject
Project("{FAE04EC0-301F-11D3-BF4B-00C04F79EFBC}") = "AnalyzerWorkerRole.Azure", "AnalyzerWorkerRole.Azure\AnalyzerWorkerRole.Azure.csproj", "{9A3666F9-6D76-424B-92CA-D771010F9711}"
EndProject
Project("{FAE04EC0-301F-11D3-BF4B-00C04F79EFBC}") = "Api", "Api\Api.csproj", "{FC33340C-A4BD-4AE6-BE91-13553DF1DE03}"
EndProject
Project("{FAE04EC0-301F-11D3-BF4B-00C04F79EFBC}") = "StorageLayer", "StorageLayer\StorageLayer.csproj", "{315B5A64-FE86-45F0-B010-40360859F118}"
EndProject
Project("{FAE04EC0-301F-11D3-BF4B-00C04F79EFBC}") = "IntegrationTestV2", "IntegrationTestV2\IntegrationTestV2.csproj", "{65F8575E-A425-42A6-B5F3-7F79708E1158}"
EndProject
Global
	GlobalSection(SolutionConfigurationPlatforms) = preSolution
		Debug|Any CPU = Debug|Any CPU
		Release|Any CPU = Release|Any CPU
	EndGlobalSection
	GlobalSection(ProjectConfigurationPlatforms) = postSolution
		{A8E58B15-253F-4931-A468-A41EC52E0493}.Debug|Any CPU.ActiveCfg = Debug|Any CPU
		{A8E58B15-253F-4931-A468-A41EC52E0493}.Debug|Any CPU.Build.0 = Debug|Any CPU
		{A8E58B15-253F-4931-A468-A41EC52E0493}.Release|Any CPU.ActiveCfg = Release|Any CPU
		{A8E58B15-253F-4931-A468-A41EC52E0493}.Release|Any CPU.Build.0 = Release|Any CPU
		{251846AF-EDC2-422E-B3F8-1188772B1D5A}.Debug|Any CPU.ActiveCfg = Debug|Any CPU
		{251846AF-EDC2-422E-B3F8-1188772B1D5A}.Debug|Any CPU.Build.0 = Debug|Any CPU
		{251846AF-EDC2-422E-B3F8-1188772B1D5A}.Release|Any CPU.ActiveCfg = Release|Any CPU
		{251846AF-EDC2-422E-B3F8-1188772B1D5A}.Release|Any CPU.Build.0 = Release|Any CPU
		{9A3666F9-6D76-424B-92CA-D771010F9711}.Debug|Any CPU.ActiveCfg = Debug|Any CPU
		{9A3666F9-6D76-424B-92CA-D771010F9711}.Debug|Any CPU.Build.0 = Debug|Any CPU
		{9A3666F9-6D76-424B-92CA-D771010F9711}.Release|Any CPU.ActiveCfg = Release|Any CPU
		{9A3666F9-6D76-424B-92CA-D771010F9711}.Release|Any CPU.Build.0 = Release|Any CPU
		{FC33340C-A4BD-4AE6-BE91-13553DF1DE03}.Debug|Any CPU.ActiveCfg = Debug|Any CPU
		{FC33340C-A4BD-4AE6-BE91-13553DF1DE03}.Debug|Any CPU.Build.0 = Debug|Any CPU
		{FC33340C-A4BD-4AE6-BE91-13553DF1DE03}.Release|Any CPU.ActiveCfg = Release|Any CPU
		{FC33340C-A4BD-4AE6-BE91-13553DF1DE03}.Release|Any CPU.Build.0 = Release|Any CPU
		{315B5A64-FE86-45F0-B010-40360859F118}.Debug|Any CPU.ActiveCfg = Debug|Any CPU
		{315B5A64-FE86-45F0-B010-40360859F118}.Debug|Any CPU.Build.0 = Debug|Any CPU
		{315B5A64-FE86-45F0-B010-40360859F118}.Release|Any CPU.ActiveCfg = Release|Any CPU
		{315B5A64-FE86-45F0-B010-40360859F118}.Release|Any CPU.Build.0 = Release|Any CPU
		{65F8575E-A425-42A6-B5F3-7F79708E1158}.Debug|Any CPU.ActiveCfg = Debug|Any CPU
		{65F8575E-A425-42A6-B5F3-7F79708E1158}.Debug|Any CPU.Build.0 = Debug|Any CPU
		{65F8575E-A425-42A6-B5F3-7F79708E1158}.Release|Any CPU.ActiveCfg = Release|Any CPU
		{65F8575E-A425-42A6-B5F3-7F79708E1158}.Release|Any CPU.Build.0 = Release|Any CPU
	EndGlobalSection
	GlobalSection(SolutionProperties) = preSolution
		HideSolutionNode = FALSE
	EndGlobalSection
	GlobalSection(ExtensibilityGlobals) = postSolution
		EnterpriseLibraryConfigurationToolBinariesPathV6 = packages\EnterpriseLibrary.Common.6.0.1304.0\lib\NET45;packages\EnterpriseLibrary.TransientFaultHandling.6.0.1304.0\lib\portable-net45+win+wp8;packages\EnterpriseLibrary.TransientFaultHandling.Data.6.0.1304.1\lib\NET45
	EndGlobalSection
EndGlobal
